
Microsoft Visual Studio Solution File, Format Version 12.00
# Visual Studio Version 16
VisualStudioVersion = 16.0.31112.23
MinimumVisualStudioVersion = 10.0.40219.1
Project("{FAE04EC0-301F-11D3-BF4B-00C04F79EFBC}") = "HW vector", "HW vector\HW vector.csproj", "{F556BA24-EDB9-4778-AB2C-052C302E1976}"
EndProject
Global
	GlobalSection(SolutionConfigurationPlatforms) = preSolution
		Debug|Any CPU = Debug|Any CPU
		Release|Any CPU = Release|Any CPU
	EndGlobalSection
	GlobalSection(ProjectConfigurationPlatforms) = postSolution
		{F556BA24-EDB9-4778-AB2C-052C302E1976}.Debug|Any CPU.ActiveCfg = Debug|Any CPU
		{F556BA24-EDB9-4778-AB2C-052C302E1976}.Debug|Any CPU.Build.0 = Debug|Any CPU
		{F556BA24-EDB9-4778-AB2C-052C302E1976}.Release|Any CPU.ActiveCfg = Release|Any CPU
		{F556BA24-EDB9-4778-AB2C-052C302E1976}.Release|Any CPU.Build.0 = Release|Any CPU
	EndGlobalSection
	GlobalSection(SolutionProperties) = preSolution
		HideSolutionNode = FALSE
	EndGlobalSection
	GlobalSection(ExtensibilityGlobals) = postSolution
		SolutionGuid = {1BC4D753-B54A-4EEE-B7E5-425B91F3D12F}
	EndGlobalSection
EndGlobal
